
Microsoft Visual Studio Solution File, Format Version 12.00
# Visual Studio Version 16
VisualStudioVersion = 16.0.30804.86
MinimumVisualStudioVersion = 10.0.40219.1
Project("{9A19103F-16F7-4668-BE54-9A1E7A4F7556}") = "UnitTesting.GettingStarted.Tests", "UnitTesting.GettingStarted.Tests\UnitTesting.GettingStarted.Tests.csproj", "{8584DA73-18FB-4111-ABF5-8480E3B8E590}"
EndProject
Project("{FAE04EC0-301F-11D3-BF4B-00C04F79EFBC}") = "UnitTesting.GettingStarted", "UnitTesting.GettingStarted\UnitTesting.GettingStarted.csproj", "{F6F46921-9E62-4AF7-9C4E-DDB26033DCA8}"
EndProject
Project("{FAE04EC0-301F-11D3-BF4B-00C04F79EFBC}") = "UnitTesting.DependencyClass", "UnitTesting.DependencyClass\UnitTesting.DependencyClass.csproj", "{6B81231A-9B6A-4CF9-9680-67C19992A894}"
EndProject
Global
	GlobalSection(SolutionConfigurationPlatforms) = preSolution
		Debug|Any CPU = Debug|Any CPU
		Release|Any CPU = Release|Any CPU
	EndGlobalSection
	GlobalSection(ProjectConfigurationPlatforms) = postSolution
		{8584DA73-18FB-4111-ABF5-8480E3B8E590}.Debug|Any CPU.ActiveCfg = Debug|Any CPU
		{8584DA73-18FB-4111-ABF5-8480E3B8E590}.Debug|Any CPU.Build.0 = Debug|Any CPU
		{8584DA73-18FB-4111-ABF5-8480E3B8E590}.Release|Any CPU.ActiveCfg = Release|Any CPU
		{8584DA73-18FB-4111-ABF5-8480E3B8E590}.Release|Any CPU.Build.0 = Release|Any CPU
		{F6F46921-9E62-4AF7-9C4E-DDB26033DCA8}.Debug|Any CPU.ActiveCfg = Debug|Any CPU
		{F6F46921-9E62-4AF7-9C4E-DDB26033DCA8}.Debug|Any CPU.Build.0 = Debug|Any CPU
		{F6F46921-9E62-4AF7-9C4E-DDB26033DCA8}.Release|Any CPU.ActiveCfg = Release|Any CPU
		{F6F46921-9E62-4AF7-9C4E-DDB26033DCA8}.Release|Any CPU.Build.0 = Release|Any CPU
		{6B81231A-9B6A-4CF9-9680-67C19992A894}.Debug|Any CPU.ActiveCfg = Debug|Any CPU
		{6B81231A-9B6A-4CF9-9680-67C19992A894}.Debug|Any CPU.Build.0 = Debug|Any CPU
		{6B81231A-9B6A-4CF9-9680-67C19992A894}.Release|Any CPU.ActiveCfg = Release|Any CPU
		{6B81231A-9B6A-4CF9-9680-67C19992A894}.Release|Any CPU.Build.0 = Release|Any CPU
	EndGlobalSection
	GlobalSection(SolutionProperties) = preSolution
		HideSolutionNode = FALSE
	EndGlobalSection
	GlobalSection(ExtensibilityGlobals) = postSolution
		SolutionGuid = {30BD56BB-F795-4611-9F11-4CC8775F9677}
	EndGlobalSection
EndGlobal
